{
  "name": "@wshcmx/lib",
  "version": "1.1.0",
  "lockfileVersion": 3,
  "requires": true,
  "packages": {
    "": {
      "name": "@wshcmx/lib",
      "version": "1.1.0",
      "devDependencies": {
        "@wshcmx/types": "github:wshcmx/types",
        "typescript": "^5.6.3"
      }
    },
    "node_modules/@wshcmx/types": {
      "version": "11.0.0-beta10",
      "resolved": "git+ssh://git@github.com/wshcmx/types.git#a1028b6137bb7625b0a2bbf66d0a8336198466a7",
      "dev": true,
      "license": "ISC"
    },
    "node_modules/typescript": {
      "version": "5.6.3",
      "resolved": "https://registry.npmjs.org/typescript/-/typescript-5.6.3.tgz",
      "integrity": "sha512-hjcS1mhfuyi4WW8IWtjP7brDrG2cuDZukyrYrSauoXGNgx0S7zceP07adYkJycEr56BOUTNPzbInooiN3fn1qw==",
      "dev": true,
      "license": "Apache-2.0",
      "bin": {
        "tsc": "bin/tsc",
        "tsserver": "bin/tsserver"
      },
      "engines": {
        "node": ">=14.17"
      }
    }
  }
}
